
Microsoft Visual Studio Solution File, Format Version 12.00
# Visual Studio 15
VisualStudioVersion = 15.0.28307.1000
MinimumVisualStudioVersion = 10.0.40219.1
Project("{FAE04EC0-301F-11D3-BF4B-00C04F79EFBC}") = "KeyboardLock", "KeyboardLock.csproj", "{986EDB8B-CC02-474F-84EF-1961B5DC36F3}"
EndProject
Global
	GlobalSection(SolutionConfigurationPlatforms) = preSolution
		Debug|Any CPU = Debug|Any CPU
		Release|Any CPU = Release|Any CPU
	EndGlobalSection
	GlobalSection(ProjectConfigurationPlatforms) = postSolution
		{986EDB8B-CC02-474F-84EF-1961B5DC36F3}.Debug|Any CPU.ActiveCfg = Debug|Any CPU
		{986EDB8B-CC02-474F-84EF-1961B5DC36F3}.Debug|Any CPU.Build.0 = Debug|Any CPU
		{986EDB8B-CC02-474F-84EF-1961B5DC36F3}.Release|Any CPU.ActiveCfg = Release|Any CPU
		{986EDB8B-CC02-474F-84EF-1961B5DC36F3}.Release|Any CPU.Build.0 = Release|Any CPU
	EndGlobalSection
	GlobalSection(SolutionProperties) = preSolution
		HideSolutionNode = FALSE
	EndGlobalSection
	GlobalSection(ExtensibilityGlobals) = postSolution
		SolutionGuid = {69A5ACC7-20BC-4EB4-8106-69617B5E97A7}
	EndGlobalSection
EndGlobal
